// !$*UTF8*$!
{
	archiveVersion = 1;
	classes = {
	};
	objectVersion = 56;
	objects = {

/* Begin PBXBuildFile section */
		913CAF0E2C32A9EB0008EF1A /* Realm+Previews.swift in Sources */ = {isa = PBXBuildFile; fileRef = 913CAF0D2C32A9EB0008EF1A /* Realm+Previews.swift */; };
		913CAF112C32F4210008EF1A /* TabBarManager.swift in Sources */ = {isa = PBXBuildFile; fileRef = 913CAF102C32F4210008EF1A /* TabBarManager.swift */; };
		913CAF152C32F4610008EF1A /* TabBarView.swift in Sources */ = {isa = PBXBuildFile; fileRef = 913CAF142C32F4610008EF1A /* TabBarView.swift */; };
		913CAF182C32F4900008EF1A /* TabItems.swift in Sources */ = {isa = PBXBuildFile; fileRef = 913CAF172C32F4900008EF1A /* TabItems.swift */; };
		913CAF1A2C32F5910008EF1A /* TabBarIconView.swift in Sources */ = {isa = PBXBuildFile; fileRef = 913CAF192C32F5910008EF1A /* TabBarIconView.swift */; };
		914C56702C31594500ABEA7A /* NoteRowView.swift in Sources */ = {isa = PBXBuildFile; fileRef = 914C566F2C31594500ABEA7A /* NoteRowView.swift */; };
		914C56742C31596600ABEA7A /* Note.swift in Sources */ = {isa = PBXBuildFile; fileRef = 914C56732C31596600ABEA7A /* Note.swift */; };
		916B49A42C2FFA67006E06B0 /* ShareLifeApp.swift in Sources */ = {isa = PBXBuildFile; fileRef = 916B49A32C2FFA67006E06B0 /* ShareLifeApp.swift */; };
		916B49A82C2FFA68006E06B0 /* Assets.xcassets in Resources */ = {isa = PBXBuildFile; fileRef = 916B49A72C2FFA68006E06B0 /* Assets.xcassets */; };
		916B49AB2C2FFA68006E06B0 /* Preview Assets.xcassets in Resources */ = {isa = PBXBuildFile; fileRef = 916B49AA2C2FFA68006E06B0 /* Preview Assets.xcassets */; };
		916B49B62C2FFB9E006E06B0 /* ShareLife_Dev.xcconfig in Resources */ = {isa = PBXBuildFile; fileRef = 916B49B52C2FFB9E006E06B0 /* ShareLife_Dev.xcconfig */; };
		916B49B82C2FFBB9006E06B0 /* ShareLife_Pro.xcconfig in Resources */ = {isa = PBXBuildFile; fileRef = 916B49B72C2FFBB9006E06B0 /* ShareLife_Pro.xcconfig */; };
		916B49BD2C2FFDB2006E06B0 /* Colors.xcassets in Resources */ = {isa = PBXBuildFile; fileRef = 916B49BC2C2FFDB2006E06B0 /* Colors.xcassets */; };
		916B49BF2C2FFDCC006E06B0 /* Colors+Utils.swift in Sources */ = {isa = PBXBuildFile; fileRef = 916B49BE2C2FFDCC006E06B0 /* Colors+Utils.swift */; };
		916B49C32C2FFE3D006E06B0 /* MainView.swift in Sources */ = {isa = PBXBuildFile; fileRef = 916B49C22C2FFE3D006E06B0 /* MainView.swift */; };
		916B49C62C300415006E06B0 /* NotesView.swift in Sources */ = {isa = PBXBuildFile; fileRef = 916B49C52C300415006E06B0 /* NotesView.swift */; };
		916B49C92C3004F2006E06B0 /* FontNames.swift in Sources */ = {isa = PBXBuildFile; fileRef = 916B49C82C3004F2006E06B0 /* FontNames.swift */; };
		916B49DD2C300530006E06B0 /* Poppins-ExtraLight.ttf in Resources */ = {isa = PBXBuildFile; fileRef = 916B49CB2C300530006E06B0 /* Poppins-ExtraLight.ttf */; };
		916B49DE2C300530006E06B0 /* Poppins-Light.ttf in Resources */ = {isa = PBXBuildFile; fileRef = 916B49CC2C300530006E06B0 /* Poppins-Light.ttf */; };
		916B49DF2C300530006E06B0 /* Poppins-Medium.ttf in Resources */ = {isa = PBXBuildFile; fileRef = 916B49CD2C300530006E06B0 /* Poppins-Medium.ttf */; };
		916B49E02C300530006E06B0 /* Poppins-SemiBold.ttf in Resources */ = {isa = PBXBuildFile; fileRef = 916B49CE2C300530006E06B0 /* Poppins-SemiBold.ttf */; };
		916B49E12C300530006E06B0 /* Poppins-Thin.ttf in Resources */ = {isa = PBXBuildFile; fileRef = 916B49CF2C300530006E06B0 /* Poppins-Thin.ttf */; };
		916B49E22C300530006E06B0 /* Poppins-ThinItalic.ttf in Resources */ = {isa = PBXBuildFile; fileRef = 916B49D02C300530006E06B0 /* Poppins-ThinItalic.ttf */; };
		916B49E32C300530006E06B0 /* Poppins-Regular.ttf in Resources */ = {isa = PBXBuildFile; fileRef = 916B49D12C300530006E06B0 /* Poppins-Regular.ttf */; };
		916B49E42C300530006E06B0 /* Poppins-Bold.ttf in Resources */ = {isa = PBXBuildFile; fileRef = 916B49D22C300530006E06B0 /* Poppins-Bold.ttf */; };
		916B49E52C300530006E06B0 /* Poppins-Black.ttf in Resources */ = {isa = PBXBuildFile; fileRef = 916B49D32C300530006E06B0 /* Poppins-Black.ttf */; };
		916B49E62C300530006E06B0 /* Poppins-BlackItalic.ttf in Resources */ = {isa = PBXBuildFile; fileRef = 916B49D42C300530006E06B0 /* Poppins-BlackItalic.ttf */; };
		916B49E72C300530006E06B0 /* Poppins-ExtraLightItalic.ttf in Resources */ = {isa = PBXBuildFile; fileRef = 916B49D52C300530006E06B0 /* Poppins-ExtraLightItalic.ttf */; };
		916B49E82C300530006E06B0 /* Poppins-Italic.ttf in Resources */ = {isa = PBXBuildFile; fileRef = 916B49D62C300530006E06B0 /* Poppins-Italic.ttf */; };
		916B49E92C300530006E06B0 /* Poppins-LightItalic.ttf in Resources */ = {isa = PBXBuildFile; fileRef = 916B49D72C300530006E06B0 /* Poppins-LightItalic.ttf */; };
		916B49EA2C300530006E06B0 /* Poppins-MediumItalic.ttf in Resources */ = {isa = PBXBuildFile; fileRef = 916B49D82C300530006E06B0 /* Poppins-MediumItalic.ttf */; };
		916B49EB2C300530006E06B0 /* Poppins-SemiBoldItalic.ttf in Resources */ = {isa = PBXBuildFile; fileRef = 916B49D92C300530006E06B0 /* Poppins-SemiBoldItalic.ttf */; };
		916B49EC2C300530006E06B0 /* Poppins-BoldItalic.ttf in Resources */ = {isa = PBXBuildFile; fileRef = 916B49DA2C300530006E06B0 /* Poppins-BoldItalic.ttf */; };
		916B49ED2C300530006E06B0 /* Poppins-ExtraBold.ttf in Resources */ = {isa = PBXBuildFile; fileRef = 916B49DB2C300530006E06B0 /* Poppins-ExtraBold.ttf */; };
		916B49EE2C300530006E06B0 /* Poppins-ExtraBoldItalic.ttf in Resources */ = {isa = PBXBuildFile; fileRef = 916B49DC2C300530006E06B0 /* Poppins-ExtraBoldItalic.ttf */; };
		916B49F12C30083E006E06B0 /* View+Utils.swift in Sources */ = {isa = PBXBuildFile; fileRef = 916B49F02C30083E006E06B0 /* View+Utils.swift */; };
		91EFF3A52C31A5C600D58AD6 /* RealmSwift in Frameworks */ = {isa = PBXBuildFile; productRef = 91EFF3A42C31A5C600D58AD6 /* RealmSwift */; };
		91EFF3A62C31A63300D58AD6 /* RealmSwift in Embed Frameworks */ = {isa = PBXBuildFile; productRef = 91EFF3A42C31A5C600D58AD6 /* RealmSwift */; settings = {ATTRIBUTES = (CodeSignOnCopy, ); }; };
		91EFF3AB2C31A6D200D58AD6 /* NoteRealManager.swift in Sources */ = {isa = PBXBuildFile; fileRef = 91EFF3AA2C31A6D200D58AD6 /* NoteRealManager.swift */; };
		91EFF3AE2C31AC7200D58AD6 /* AddNoteView.swift in Sources */ = {isa = PBXBuildFile; fileRef = 91EFF3AD2C31AC7200D58AD6 /* AddNoteView.swift */; };
		91EFF3B12C31AD7800D58AD6 /* OvalTextFieldStyle.swift in Sources */ = {isa = PBXBuildFile; fileRef = 91EFF3B02C31AD7800D58AD6 /* OvalTextFieldStyle.swift */; };
		91EFF3B42C3217B400D58AD6 /* DateTimerManager.swift in Sources */ = {isa = PBXBuildFile; fileRef = 91EFF3B32C3217B400D58AD6 /* DateTimerManager.swift */; };
/* End PBXBuildFile section */

/* Begin PBXCopyFilesBuildPhase section */
		91EFF3A72C31A63300D58AD6 /* Embed Frameworks */ = {
			isa = PBXCopyFilesBuildPhase;
			buildActionMask = 2147483647;
			dstPath = "";
			dstSubfolderSpec = 10;
			files = (
				91EFF3A62C31A63300D58AD6 /* RealmSwift in Embed Frameworks */,
			);
			name = "Embed Frameworks";
			runOnlyForDeploymentPostprocessing = 0;
		};
/* End PBXCopyFilesBuildPhase section */

/* Begin PBXFileReference section */
		913CAF0D2C32A9EB0008EF1A /* Realm+Previews.swift */ = {isa = PBXFileReference; lastKnownFileType = sourcecode.swift; path = "Realm+Previews.swift"; sourceTree = "<group>"; };
		913CAF102C32F4210008EF1A /* TabBarManager.swift */ = {isa = PBXFileReference; lastKnownFileType = sourcecode.swift; path = TabBarManager.swift; sourceTree = "<group>"; };
		913CAF142C32F4610008EF1A /* TabBarView.swift */ = {isa = PBXFileReference; lastKnownFileType = sourcecode.swift; path = TabBarView.swift; sourceTree = "<group>"; };
		913CAF172C32F4900008EF1A /* TabItems.swift */ = {isa = PBXFileReference; lastKnownFileType = sourcecode.swift; path = TabItems.swift; sourceTree = "<group>"; };
		913CAF192C32F5910008EF1A /* TabBarIconView.swift */ = {isa = PBXFileReference; lastKnownFileType = sourcecode.swift; path = TabBarIconView.swift; sourceTree = "<group>"; };
		914C566F2C31594500ABEA7A /* NoteRowView.swift */ = {isa = PBXFileReference; lastKnownFileType = sourcecode.swift; path = NoteRowView.swift; sourceTree = "<group>"; };
		914C56732C31596600ABEA7A /* Note.swift */ = {isa = PBXFileReference; lastKnownFileType = sourcecode.swift; path = Note.swift; sourceTree = "<group>"; };
		916B49A02C2FFA67006E06B0 /* ShareLife.app */ = {isa = PBXFileReference; explicitFileType = wrapper.application; includeInIndex = 0; path = ShareLife.app; sourceTree = BUILT_PRODUCTS_DIR; };
		916B49A32C2FFA67006E06B0 /* ShareLifeApp.swift */ = {isa = PBXFileReference; lastKnownFileType = sourcecode.swift; path = ShareLifeApp.swift; sourceTree = "<group>"; };
		916B49A72C2FFA68006E06B0 /* Assets.xcassets */ = {isa = PBXFileReference; lastKnownFileType = folder.assetcatalog; path = Assets.xcassets; sourceTree = "<group>"; };
		916B49AA2C2FFA68006E06B0 /* Preview Assets.xcassets */ = {isa = PBXFileReference; lastKnownFileType = folder.assetcatalog; path = "Preview Assets.xcassets"; sourceTree = "<group>"; };
		916B49B52C2FFB9E006E06B0 /* ShareLife_Dev.xcconfig */ = {isa = PBXFileReference; lastKnownFileType = text.xcconfig; path = ShareLife_Dev.xcconfig; sourceTree = "<group>"; };
		916B49B72C2FFBB9006E06B0 /* ShareLife_Pro.xcconfig */ = {isa = PBXFileReference; lastKnownFileType = text.xcconfig; path = ShareLife_Pro.xcconfig; sourceTree = "<group>"; };
		916B49BC2C2FFDB2006E06B0 /* Colors.xcassets */ = {isa = PBXFileReference; lastKnownFileType = folder.assetcatalog; path = Colors.xcassets; sourceTree = "<group>"; };
		916B49BE2C2FFDCC006E06B0 /* Colors+Utils.swift */ = {isa = PBXFileReference; lastKnownFileType = sourcecode.swift; path = "Colors+Utils.swift"; sourceTree = "<group>"; };
		916B49C22C2FFE3D006E06B0 /* MainView.swift */ = {isa = PBXFileReference; lastKnownFileType = sourcecode.swift; path = MainView.swift; sourceTree = "<group>"; };
		916B49C52C300415006E06B0 /* NotesView.swift */ = {isa = PBXFileReference; lastKnownFileType = sourcecode.swift; path = NotesView.swift; sourceTree = "<group>"; };
		916B49C82C3004F2006E06B0 /* FontNames.swift */ = {isa = PBXFileReference; lastKnownFileType = sourcecode.swift; path = FontNames.swift; sourceTree = "<group>"; };
		916B49CB2C300530006E06B0 /* Poppins-ExtraLight.ttf */ = {isa = PBXFileReference; lastKnownFileType = file; path = "Poppins-ExtraLight.ttf"; sourceTree = "<group>"; };
		916B49CC2C300530006E06B0 /* Poppins-Light.ttf */ = {isa = PBXFileReference; lastKnownFileType = file; path = "Poppins-Light.ttf"; sourceTree = "<group>"; };
		916B49CD2C300530006E06B0 /* Poppins-Medium.ttf */ = {isa = PBXFileReference; lastKnownFileType = file; path = "Poppins-Medium.ttf"; sourceTree = "<group>"; };
		916B49CE2C300530006E06B0 /* Poppins-SemiBold.ttf */ = {isa = PBXFileReference; lastKnownFileType = file; path = "Poppins-SemiBold.ttf"; sourceTree = "<group>"; };
		916B49CF2C300530006E06B0 /* Poppins-Thin.ttf */ = {isa = PBXFileReference; lastKnownFileType = file; path = "Poppins-Thin.ttf"; sourceTree = "<group>"; };
		916B49D02C300530006E06B0 /* Poppins-ThinItalic.ttf */ = {isa = PBXFileReference; lastKnownFileType = file; path = "Poppins-ThinItalic.ttf"; sourceTree = "<group>"; };
		916B49D12C300530006E06B0 /* Poppins-Regular.ttf */ = {isa = PBXFileReference; lastKnownFileType = file; path = "Poppins-Regular.ttf"; sourceTree = "<group>"; };
		916B49D22C300530006E06B0 /* Poppins-Bold.ttf */ = {isa = PBXFileReference; lastKnownFileType = file; path = "Poppins-Bold.ttf"; sourceTree = "<group>"; };
		916B49D32C300530006E06B0 /* Poppins-Black.ttf */ = {isa = PBXFileReference; lastKnownFileType = file; path = "Poppins-Black.ttf"; sourceTree = "<group>"; };
		916B49D42C300530006E06B0 /* Poppins-BlackItalic.ttf */ = {isa = PBXFileReference; lastKnownFileType = file; path = "Poppins-BlackItalic.ttf"; sourceTree = "<group>"; };
		916B49D52C300530006E06B0 /* Poppins-ExtraLightItalic.ttf */ = {isa = PBXFileReference; lastKnownFileType = file; path = "Poppins-ExtraLightItalic.ttf"; sourceTree = "<group>"; };
		916B49D62C300530006E06B0 /* Poppins-Italic.ttf */ = {isa = PBXFileReference; lastKnownFileType = file; path = "Poppins-Italic.ttf"; sourceTree = "<group>"; };
		916B49D72C300530006E06B0 /* Poppins-LightItalic.ttf */ = {isa = PBXFileReference; lastKnownFileType = file; path = "Poppins-LightItalic.ttf"; sourceTree = "<group>"; };
		916B49D82C300530006E06B0 /* Poppins-MediumItalic.ttf */ = {isa = PBXFileReference; lastKnownFileType = file; path = "Poppins-MediumItalic.ttf"; sourceTree = "<group>"; };
		916B49D92C300530006E06B0 /* Poppins-SemiBoldItalic.ttf */ = {isa = PBXFileReference; lastKnownFileType = file; path = "Poppins-SemiBoldItalic.ttf"; sourceTree = "<group>"; };
		916B49DA2C300530006E06B0 /* Poppins-BoldItalic.ttf */ = {isa = PBXFileReference; lastKnownFileType = file; path = "Poppins-BoldItalic.ttf"; sourceTree = "<group>"; };
		916B49DB2C300530006E06B0 /* Poppins-ExtraBold.ttf */ = {isa = PBXFileReference; lastKnownFileType = file; path = "Poppins-ExtraBold.ttf"; sourceTree = "<group>"; };
		916B49DC2C300530006E06B0 /* Poppins-ExtraBoldItalic.ttf */ = {isa = PBXFileReference; lastKnownFileType = file; path = "Poppins-ExtraBoldItalic.ttf"; sourceTree = "<group>"; };
		916B49EF2C3006AF006E06B0 /* Info.plist */ = {isa = PBXFileReference; lastKnownFileType = text.plist; path = Info.plist; sourceTree = "<group>"; };
		916B49F02C30083E006E06B0 /* View+Utils.swift */ = {isa = PBXFileReference; lastKnownFileType = sourcecode.swift; path = "View+Utils.swift"; sourceTree = "<group>"; };
		91EFF3AA2C31A6D200D58AD6 /* NoteRealManager.swift */ = {isa = PBXFileReference; lastKnownFileType = sourcecode.swift; path = NoteRealManager.swift; sourceTree = "<group>"; };
		91EFF3AD2C31AC7200D58AD6 /* AddNoteView.swift */ = {isa = PBXFileReference; lastKnownFileType = sourcecode.swift; path = AddNoteView.swift; sourceTree = "<group>"; };
		91EFF3B02C31AD7800D58AD6 /* OvalTextFieldStyle.swift */ = {isa = PBXFileReference; lastKnownFileType = sourcecode.swift; path = OvalTextFieldStyle.swift; sourceTree = "<group>"; };
		91EFF3B32C3217B400D58AD6 /* DateTimerManager.swift */ = {isa = PBXFileReference; lastKnownFileType = sourcecode.swift; path = DateTimerManager.swift; sourceTree = "<group>"; };
/* End PBXFileReference section */

/* Begin PBXFrameworksBuildPhase section */
		916B499D2C2FFA67006E06B0 /* Frameworks */ = {
			isa = PBXFrameworksBuildPhase;
			buildActionMask = 2147483647;
			files = (
				91EFF3A52C31A5C600D58AD6 /* RealmSwift in Frameworks */,
			);
			runOnlyForDeploymentPostprocessing = 0;
		};
/* End PBXFrameworksBuildPhase section */

/* Begin PBXGroup section */
		913CAF0F2C32F4170008EF1A /* TabBarManager */ = {
			isa = PBXGroup;
			children = (
				913CAF102C32F4210008EF1A /* TabBarManager.swift */,
			);
			path = TabBarManager;
			sourceTree = "<group>";
		};
		913CAF122C32F4410008EF1A /* CommonViews */ = {
			isa = PBXGroup;
			children = (
				913CAF132C32F4470008EF1A /* TabBar */,
			);
			path = CommonViews;
			sourceTree = "<group>";
		};
		913CAF132C32F4470008EF1A /* TabBar */ = {
			isa = PBXGroup;
			children = (
				913CAF142C32F4610008EF1A /* TabBarView.swift */,
				913CAF192C32F5910008EF1A /* TabBarIconView.swift */,
			);
			path = TabBar;
			sourceTree = "<group>";
		};
		913CAF162C32F4810008EF1A /* TabItems */ = {
			isa = PBXGroup;
			children = (
				913CAF172C32F4900008EF1A /* TabItems.swift */,
			);
			path = TabItems;
			sourceTree = "<group>";
		};
		914C566E2C31593900ABEA7A /* NoteRowView */ = {
			isa = PBXGroup;
			children = (
				914C566F2C31594500ABEA7A /* NoteRowView.swift */,
			);
			path = NoteRowView;
			sourceTree = "<group>";
		};
		914C56712C31594B00ABEA7A /* Model */ = {
			isa = PBXGroup;
			children = (
				913CAF162C32F4810008EF1A /* TabItems */,
				914C56722C31595D00ABEA7A /* Notes */,
			);
			path = Model;
			sourceTree = "<group>";
		};
		914C56722C31595D00ABEA7A /* Notes */ = {
			isa = PBXGroup;
			children = (
				914C56732C31596600ABEA7A /* Note.swift */,
			);
			path = Notes;
			sourceTree = "<group>";
		};
		916B49972C2FFA67006E06B0 = {
			isa = PBXGroup;
			children = (
				916B49A22C2FFA67006E06B0 /* ShareLife */,
				916B49A12C2FFA67006E06B0 /* Products */,
			);
			sourceTree = "<group>";
		};
		916B49A12C2FFA67006E06B0 /* Products */ = {
			isa = PBXGroup;
			children = (
				916B49A02C2FFA67006E06B0 /* ShareLife.app */,
			);
			name = Products;
			sourceTree = "<group>";
		};
		916B49A22C2FFA67006E06B0 /* ShareLife */ = {
			isa = PBXGroup;
			children = (
				913CAF122C32F4410008EF1A /* CommonViews */,
				916B49A72C2FFA68006E06B0 /* Assets.xcassets */,
				916B49BC2C2FFDB2006E06B0 /* Colors.xcassets */,
				916B49B12C2FFB51006E06B0 /* Configuration */,
				916B49B92C2FFD4E006E06B0 /* Extensions */,
				916B49C72C3004E9006E06B0 /* Fonts */,
				916B49EF2C3006AF006E06B0 /* Info.plist */,
				91EFF3A82C31A6BD00D58AD6 /* Manager */,
				914C56712C31594B00ABEA7A /* Model */,
				916B49A92C2FFA68006E06B0 /* Preview Content */,
				916B49C02C2FFE2C006E06B0 /* Screens */,
				916B49A32C2FFA67006E06B0 /* ShareLifeApp.swift */,
				91EFF3AF2C31AD6D00D58AD6 /* Styles */,
			);
			path = ShareLife;
			sourceTree = "<group>";
		};
		916B49A92C2FFA68006E06B0 /* Preview Content */ = {
			isa = PBXGroup;
			children = (
				916B49AA2C2FFA68006E06B0 /* Preview Assets.xcassets */,
			);
			path = "Preview Content";
			sourceTree = "<group>";
		};
		916B49B12C2FFB51006E06B0 /* Configuration */ = {
			isa = PBXGroup;
			children = (
				916B49B22C2FFB5B006E06B0 /* XCConfiguration */,
			);
			path = Configuration;
			sourceTree = "<group>";
		};
		916B49B22C2FFB5B006E06B0 /* XCConfiguration */ = {
			isa = PBXGroup;
			children = (
				916B49B52C2FFB9E006E06B0 /* ShareLife_Dev.xcconfig */,
				916B49B72C2FFBB9006E06B0 /* ShareLife_Pro.xcconfig */,
			);
			path = XCConfiguration;
			sourceTree = "<group>";
		};
		916B49B92C2FFD4E006E06B0 /* Extensions */ = {
			isa = PBXGroup;
			children = (
				916B49BE2C2FFDCC006E06B0 /* Colors+Utils.swift */,
				916B49F02C30083E006E06B0 /* View+Utils.swift */,
				913CAF0D2C32A9EB0008EF1A /* Realm+Previews.swift */,
			);
			path = Extensions;
			sourceTree = "<group>";
		};
		916B49C02C2FFE2C006E06B0 /* Screens */ = {
			isa = PBXGroup;
			children = (
				916B49C42C30040C006E06B0 /* NotesView */,
				916B49C12C2FFE32006E06B0 /* MainView */,
			);
			path = Screens;
			sourceTree = "<group>";
		};
		916B49C12C2FFE32006E06B0 /* MainView */ = {
			isa = PBXGroup;
			children = (
				916B49C22C2FFE3D006E06B0 /* MainView.swift */,
			);
			path = MainView;
			sourceTree = "<group>";
		};
		916B49C42C30040C006E06B0 /* NotesView */ = {
			isa = PBXGroup;
			children = (
				91EFF3AC2C31AC6500D58AD6 /* AddNoteView */,
				914C566E2C31593900ABEA7A /* NoteRowView */,
				916B49C52C300415006E06B0 /* NotesView.swift */,
			);
			path = NotesView;
			sourceTree = "<group>";
		};
		916B49C72C3004E9006E06B0 /* Fonts */ = {
			isa = PBXGroup;
			children = (
				916B49CA2C3004FD006E06B0 /* Sources */,
				916B49C82C3004F2006E06B0 /* FontNames.swift */,
			);
			path = Fonts;
			sourceTree = "<group>";
		};
		916B49CA2C3004FD006E06B0 /* Sources */ = {
			isa = PBXGroup;
			children = (
				916B49D32C300530006E06B0 /* Poppins-Black.ttf */,
				916B49D42C300530006E06B0 /* Poppins-BlackItalic.ttf */,
				916B49D22C300530006E06B0 /* Poppins-Bold.ttf */,
				916B49DA2C300530006E06B0 /* Poppins-BoldItalic.ttf */,
				916B49DB2C300530006E06B0 /* Poppins-ExtraBold.ttf */,
				916B49DC2C300530006E06B0 /* Poppins-ExtraBoldItalic.ttf */,
				916B49CB2C300530006E06B0 /* Poppins-ExtraLight.ttf */,
				916B49D52C300530006E06B0 /* Poppins-ExtraLightItalic.ttf */,
				916B49D62C300530006E06B0 /* Poppins-Italic.ttf */,
				916B49CC2C300530006E06B0 /* Poppins-Light.ttf */,
				916B49D72C300530006E06B0 /* Poppins-LightItalic.ttf */,
				916B49CD2C300530006E06B0 /* Poppins-Medium.ttf */,
				916B49D82C300530006E06B0 /* Poppins-MediumItalic.ttf */,
				916B49D12C300530006E06B0 /* Poppins-Regular.ttf */,
				916B49CE2C300530006E06B0 /* Poppins-SemiBold.ttf */,
				916B49D92C300530006E06B0 /* Poppins-SemiBoldItalic.ttf */,
				916B49CF2C300530006E06B0 /* Poppins-Thin.ttf */,
				916B49D02C300530006E06B0 /* Poppins-ThinItalic.ttf */,
			);
			path = Sources;
			sourceTree = "<group>";
		};
		91EFF3A82C31A6BD00D58AD6 /* Manager */ = {
			isa = PBXGroup;
			children = (
				913CAF0F2C32F4170008EF1A /* TabBarManager */,
				91EFF3B22C32172400D58AD6 /* DateTimerManager */,
				91EFF3A92C31A6C300D58AD6 /* NoteRealmManager */,
			);
			path = Manager;
			sourceTree = "<group>";
		};
		91EFF3A92C31A6C300D58AD6 /* NoteRealmManager */ = {
			isa = PBXGroup;
			children = (
				91EFF3AA2C31A6D200D58AD6 /* NoteRealManager.swift */,
			);
			path = NoteRealmManager;
			sourceTree = "<group>";
		};
		91EFF3AC2C31AC6500D58AD6 /* AddNoteView */ = {
			isa = PBXGroup;
			children = (
				91EFF3AD2C31AC7200D58AD6 /* AddNoteView.swift */,
			);
			path = AddNoteView;
			sourceTree = "<group>";
		};
		91EFF3AF2C31AD6D00D58AD6 /* Styles */ = {
			isa = PBXGroup;
			children = (
				91EFF3B02C31AD7800D58AD6 /* OvalTextFieldStyle.swift */,
			);
			path = Styles;
			sourceTree = "<group>";
		};
		91EFF3B22C32172400D58AD6 /* DateTimerManager */ = {
			isa = PBXGroup;
			children = (
				91EFF3B32C3217B400D58AD6 /* DateTimerManager.swift */,
			);
			path = DateTimerManager;
			sourceTree = "<group>";
		};
/* End PBXGroup section */

/* Begin PBXNativeTarget section */
		916B499F2C2FFA67006E06B0 /* ShareLife */ = {
			isa = PBXNativeTarget;
			buildConfigurationList = 916B49AE2C2FFA68006E06B0 /* Build configuration list for PBXNativeTarget "ShareLife" */;
			buildPhases = (
				916B499C2C2FFA67006E06B0 /* Sources */,
				916B499D2C2FFA67006E06B0 /* Frameworks */,
				916B499E2C2FFA67006E06B0 /* Resources */,
				91EFF3A72C31A63300D58AD6 /* Embed Frameworks */,
			);
			buildRules = (
			);
			dependencies = (
			);
			name = ShareLife;
			packageProductDependencies = (
				91EFF3A42C31A5C600D58AD6 /* RealmSwift */,
			);
			productName = ShareLife;
			productReference = 916B49A02C2FFA67006E06B0 /* ShareLife.app */;
			productType = "com.apple.product-type.application";
		};
/* End PBXNativeTarget section */

/* Begin PBXProject section */
		916B49982C2FFA67006E06B0 /* Project object */ = {
			isa = PBXProject;
			attributes = {
				BuildIndependentTargetsInParallel = 1;
				LastSwiftUpdateCheck = 1540;
				LastUpgradeCheck = 1540;
				TargetAttributes = {
					916B499F2C2FFA67006E06B0 = {
						CreatedOnToolsVersion = 15.4;
					};
				};
			};
			buildConfigurationList = 916B499B2C2FFA67006E06B0 /* Build configuration list for PBXProject "ShareLife" */;
			compatibilityVersion = "Xcode 14.0";
			developmentRegion = en;
			hasScannedForEncodings = 0;
			knownRegions = (
				en,
				Base,
			);
			mainGroup = 916B49972C2FFA67006E06B0;
			packageReferences = (
				91EFF3A12C31A5C600D58AD6 /* XCRemoteSwiftPackageReference "realm-swift" */,
			);
			productRefGroup = 916B49A12C2FFA67006E06B0 /* Products */;
			projectDirPath = "";
			projectRoot = "";
			targets = (
				916B499F2C2FFA67006E06B0 /* ShareLife */,
			);
		};
/* End PBXProject section */

/* Begin PBXResourcesBuildPhase section */
		916B499E2C2FFA67006E06B0 /* Resources */ = {
			isa = PBXResourcesBuildPhase;
			buildActionMask = 2147483647;
			files = (
				916B49E72C300530006E06B0 /* Poppins-ExtraLightItalic.ttf in Resources */,
				916B49E82C300530006E06B0 /* Poppins-Italic.ttf in Resources */,
				916B49DE2C300530006E06B0 /* Poppins-Light.ttf in Resources */,
				916B49DD2C300530006E06B0 /* Poppins-ExtraLight.ttf in Resources */,
				916B49EA2C300530006E06B0 /* Poppins-MediumItalic.ttf in Resources */,
				916B49EB2C300530006E06B0 /* Poppins-SemiBoldItalic.ttf in Resources */,
				916B49BD2C2FFDB2006E06B0 /* Colors.xcassets in Resources */,
				916B49E32C300530006E06B0 /* Poppins-Regular.ttf in Resources */,
				916B49E22C300530006E06B0 /* Poppins-ThinItalic.ttf in Resources */,
				916B49EC2C300530006E06B0 /* Poppins-BoldItalic.ttf in Resources */,
				916B49E92C300530006E06B0 /* Poppins-LightItalic.ttf in Resources */,
				916B49B82C2FFBB9006E06B0 /* ShareLife_Pro.xcconfig in Resources */,
				916B49AB2C2FFA68006E06B0 /* Preview Assets.xcassets in Resources */,
				916B49E62C300530006E06B0 /* Poppins-BlackItalic.ttf in Resources */,
				916B49DF2C300530006E06B0 /* Poppins-Medium.ttf in Resources */,
				916B49E42C300530006E06B0 /* Poppins-Bold.ttf in Resources */,
				916B49E02C300530006E06B0 /* Poppins-SemiBold.ttf in Resources */,
				916B49E52C300530006E06B0 /* Poppins-Black.ttf in Resources */,
				916B49ED2C300530006E06B0 /* Poppins-ExtraBold.ttf in Resources */,
				916B49B62C2FFB9E006E06B0 /* ShareLife_Dev.xcconfig in Resources */,
				916B49A82C2FFA68006E06B0 /* Assets.xcassets in Resources */,
				916B49EE2C300530006E06B0 /* Poppins-ExtraBoldItalic.ttf in Resources */,
				916B49E12C300530006E06B0 /* Poppins-Thin.ttf in Resources */,
			);
			runOnlyForDeploymentPostprocessing = 0;
		};
/* End PBXResourcesBuildPhase section */

/* Begin PBXSourcesBuildPhase section */
		916B499C2C2FFA67006E06B0 /* Sources */ = {
			isa = PBXSourcesBuildPhase;
			buildActionMask = 2147483647;
			files = (
				916B49C32C2FFE3D006E06B0 /* MainView.swift in Sources */,
				916B49C62C300415006E06B0 /* NotesView.swift in Sources */,
				913CAF182C32F4900008EF1A /* TabItems.swift in Sources */,
				916B49BF2C2FFDCC006E06B0 /* Colors+Utils.swift in Sources */,
				91EFF3B42C3217B400D58AD6 /* DateTimerManager.swift in Sources */,
				916B49F12C30083E006E06B0 /* View+Utils.swift in Sources */,
				91EFF3AE2C31AC7200D58AD6 /* AddNoteView.swift in Sources */,
				91EFF3B12C31AD7800D58AD6 /* OvalTextFieldStyle.swift in Sources */,
				914C56742C31596600ABEA7A /* Note.swift in Sources */,
				913CAF1A2C32F5910008EF1A /* TabBarIconView.swift in Sources */,
				91EFF3AB2C31A6D200D58AD6 /* NoteRealManager.swift in Sources */,
				914C56702C31594500ABEA7A /* NoteRowView.swift in Sources */,
				916B49A42C2FFA67006E06B0 /* ShareLifeApp.swift in Sources */,
				913CAF112C32F4210008EF1A /* TabBarManager.swift in Sources */,
				913CAF0E2C32A9EB0008EF1A /* Realm+Previews.swift in Sources */,
				913CAF152C32F4610008EF1A /* TabBarView.swift in Sources */,
				916B49C92C3004F2006E06B0 /* FontNames.swift in Sources */,
			);
			runOnlyForDeploymentPostprocessing = 0;
		};
/* End PBXSourcesBuildPhase section */

/* Begin XCBuildConfiguration section */
		916B49AC2C2FFA68006E06B0 /* Debug */ = {
			isa = XCBuildConfiguration;
			baseConfigurationReference = 916B49B52C2FFB9E006E06B0 /* ShareLife_Dev.xcconfig */;
			buildSettings = {
				ALWAYS_SEARCH_USER_PATHS = NO;
				ASSETCATALOG_COMPILER_GENERATE_SWIFT_ASSET_SYMBOL_EXTENSIONS = YES;
				CLANG_ANALYZER_NONNULL = YES;
				CLANG_ANALYZER_NUMBER_OBJECT_CONVERSION = YES_AGGRESSIVE;
				CLANG_CXX_LANGUAGE_STANDARD = "gnu++20";
				CLANG_ENABLE_MODULES = YES;
				CLANG_ENABLE_OBJC_ARC = YES;
				CLANG_ENABLE_OBJC_WEAK = YES;
				CLANG_WARN_BLOCK_CAPTURE_AUTORELEASING = YES;
				CLANG_WARN_BOOL_CONVERSION = YES;
				CLANG_WARN_COMMA = YES;
				CLANG_WARN_CONSTANT_CONVERSION = YES;
				CLANG_WARN_DEPRECATED_OBJC_IMPLEMENTATIONS = YES;
				CLANG_WARN_DIRECT_OBJC_ISA_USAGE = YES_ERROR;
				CLANG_WARN_DOCUMENTATION_COMMENTS = YES;
				CLANG_WARN_EMPTY_BODY = YES;
				CLANG_WARN_ENUM_CONVERSION = YES;
				CLANG_WARN_INFINITE_RECURSION = YES;
				CLANG_WARN_INT_CONVERSION = YES;
				CLANG_WARN_NON_LITERAL_NULL_CONVERSION = YES;
				CLANG_WARN_OBJC_IMPLICIT_RETAIN_SELF = YES;
				CLANG_WARN_OBJC_LITERAL_CONVERSION = YES;
				CLANG_WARN_OBJC_ROOT_CLASS = YES_ERROR;
				CLANG_WARN_QUOTED_INCLUDE_IN_FRAMEWORK_HEADER = YES;
				CLANG_WARN_RANGE_LOOP_ANALYSIS = YES;
				CLANG_WARN_STRICT_PROTOTYPES = YES;
				CLANG_WARN_SUSPICIOUS_MOVE = YES;
				CLANG_WARN_UNGUARDED_AVAILABILITY = YES_AGGRESSIVE;
				CLANG_WARN_UNREACHABLE_CODE = YES;
				CLANG_WARN__DUPLICATE_METHOD_MATCH = YES;
				COPY_PHASE_STRIP = NO;
				DEBUG_INFORMATION_FORMAT = dwarf;
				ENABLE_STRICT_OBJC_MSGSEND = YES;
				ENABLE_TESTABILITY = YES;
				ENABLE_USER_SCRIPT_SANDBOXING = YES;
				GCC_C_LANGUAGE_STANDARD = gnu17;
				GCC_DYNAMIC_NO_PIC = NO;
				GCC_NO_COMMON_BLOCKS = YES;
				GCC_OPTIMIZATION_LEVEL = 0;
				GCC_PREPROCESSOR_DEFINITIONS = (
					"DEBUG=1",
					"$(inherited)",
				);
				GCC_WARN_64_TO_32_BIT_CONVERSION = YES;
				GCC_WARN_ABOUT_RETURN_TYPE = YES_ERROR;
				GCC_WARN_UNDECLARED_SELECTOR = YES;
				GCC_WARN_UNINITIALIZED_AUTOS = YES_AGGRESSIVE;
				GCC_WARN_UNUSED_FUNCTION = YES;
				GCC_WARN_UNUSED_VARIABLE = YES;
				IPHONEOS_DEPLOYMENT_TARGET = 17.0;
				LOCALIZATION_PREFERS_STRING_CATALOGS = YES;
				MTL_ENABLE_DEBUG_INFO = INCLUDE_SOURCE;
				MTL_FAST_MATH = YES;
				ONLY_ACTIVE_ARCH = YES;
				SDKROOT = iphoneos;
				SWIFT_ACTIVE_COMPILATION_CONDITIONS = "DEBUG $(inherited)";
				SWIFT_OPTIMIZATION_LEVEL = "-Onone";
			};
			name = Debug;
		};
		916B49AD2C2FFA68006E06B0 /* Release */ = {
			isa = XCBuildConfiguration;
			baseConfigurationReference = 916B49B72C2FFBB9006E06B0 /* ShareLife_Pro.xcconfig */;
			buildSettings = {
				ALWAYS_SEARCH_USER_PATHS = NO;
				ASSETCATALOG_COMPILER_GENERATE_SWIFT_ASSET_SYMBOL_EXTENSIONS = YES;
				CLANG_ANALYZER_NONNULL = YES;
				CLANG_ANALYZER_NUMBER_OBJECT_CONVERSION = YES_AGGRESSIVE;
				CLANG_CXX_LANGUAGE_STANDARD = "gnu++20";
				CLANG_ENABLE_MODULES = YES;
				CLANG_ENABLE_OBJC_ARC = YES;
				CLANG_ENABLE_OBJC_WEAK = YES;
				CLANG_WARN_BLOCK_CAPTURE_AUTORELEASING = YES;
				CLANG_WARN_BOOL_CONVERSION = YES;
				CLANG_WARN_COMMA = YES;
				CLANG_WARN_CONSTANT_CONVERSION = YES;
				CLANG_WARN_DEPRECATED_OBJC_IMPLEMENTATIONS = YES;
				CLANG_WARN_DIRECT_OBJC_ISA_USAGE = YES_ERROR;
				CLANG_WARN_DOCUMENTATION_COMMENTS = YES;
				CLANG_WARN_EMPTY_BODY = YES;
				CLANG_WARN_ENUM_CONVERSION = YES;
				CLANG_WARN_INFINITE_RECURSION = YES;
				CLANG_WARN_INT_CONVERSION = YES;
				CLANG_WARN_NON_LITERAL_NULL_CONVERSION = YES;
				CLANG_WARN_OBJC_IMPLICIT_RETAIN_SELF = YES;
				CLANG_WARN_OBJC_LITERAL_CONVERSION = YES;
				CLANG_WARN_OBJC_ROOT_CLASS = YES_ERROR;
				CLANG_WARN_QUOTED_INCLUDE_IN_FRAMEWORK_HEADER = YES;
				CLANG_WARN_RANGE_LOOP_ANALYSIS = YES;
				CLANG_WARN_STRICT_PROTOTYPES = YES;
				CLANG_WARN_SUSPICIOUS_MOVE = YES;
				CLANG_WARN_UNGUARDED_AVAILABILITY = YES_AGGRESSIVE;
				CLANG_WARN_UNREACHABLE_CODE = YES;
				CLANG_WARN__DUPLICATE_METHOD_MATCH = YES;
				COPY_PHASE_STRIP = NO;
				DEBUG_INFORMATION_FORMAT = "dwarf-with-dsym";
				ENABLE_NS_ASSERTIONS = NO;
				ENABLE_STRICT_OBJC_MSGSEND = YES;
				ENABLE_USER_SCRIPT_SANDBOXING = YES;
				GCC_C_LANGUAGE_STANDARD = gnu17;
				GCC_NO_COMMON_BLOCKS = YES;
				GCC_WARN_64_TO_32_BIT_CONVERSION = YES;
				GCC_WARN_ABOUT_RETURN_TYPE = YES_ERROR;
				GCC_WARN_UNDECLARED_SELECTOR = YES;
				GCC_WARN_UNINITIALIZED_AUTOS = YES_AGGRESSIVE;
				GCC_WARN_UNUSED_FUNCTION = YES;
				GCC_WARN_UNUSED_VARIABLE = YES;
				IPHONEOS_DEPLOYMENT_TARGET = 17.0;
				LOCALIZATION_PREFERS_STRING_CATALOGS = YES;
				MTL_ENABLE_DEBUG_INFO = NO;
				MTL_FAST_MATH = YES;
				SDKROOT = iphoneos;
				SWIFT_COMPILATION_MODE = wholemodule;
				VALIDATE_PRODUCT = YES;
			};
			name = Release;
		};
		916B49AF2C2FFA68006E06B0 /* Debug */ = {
			isa = XCBuildConfiguration;
			baseConfigurationReference = 916B49B52C2FFB9E006E06B0 /* ShareLife_Dev.xcconfig */;
			buildSettings = {
				ASSETCATALOG_COMPILER_APPICON_NAME = AppIcon;
				ASSETCATALOG_COMPILER_GLOBAL_ACCENT_COLOR_NAME = AccentColor;
				CODE_SIGN_STYLE = Automatic;
				CURRENT_PROJECT_VERSION = 1;
				DEVELOPMENT_ASSET_PATHS = "\"ShareLife/Preview Content\"";
				DEVELOPMENT_TEAM = 82A5792UM7;
				ENABLE_PREVIEWS = YES;
				GENERATE_INFOPLIST_FILE = YES;
				INFOPLIST_FILE = ShareLife/Info.plist;
				INFOPLIST_KEY_UIApplicationSceneManifest_Generation = YES;
				INFOPLIST_KEY_UIApplicationSupportsIndirectInputEvents = YES;
				INFOPLIST_KEY_UILaunchScreen_Generation = YES;
				INFOPLIST_KEY_UISupportedInterfaceOrientations_iPad = "UIInterfaceOrientationPortrait UIInterfaceOrientationPortraitUpsideDown UIInterfaceOrientationLandscapeLeft UIInterfaceOrientationLandscapeRight";
				INFOPLIST_KEY_UISupportedInterfaceOrientations_iPhone = "UIInterfaceOrientationPortrait UIInterfaceOrientationLandscapeLeft UIInterfaceOrientationLandscapeRight";
				LD_RUNPATH_SEARCH_PATHS = (
					"$(inherited)",
					"@executable_path/Frameworks",
				);
				MARKETING_VERSION = 1.0;
				PRODUCT_BUNDLE_IDENTIFIER = "$(CONFIG_APP_BUNDLE_IDENTIFIER)";
				PRODUCT_NAME = "$(TARGET_NAME)";
				SUPPORTED_PLATFORMS = "iphoneos iphonesimulator";
				SUPPORTS_MACCATALYST = NO;
				SUPPORTS_MAC_DESIGNED_FOR_IPHONE_IPAD = NO;
				SUPPORTS_XR_DESIGNED_FOR_IPHONE_IPAD = NO;
				SWIFT_EMIT_LOC_STRINGS = YES;
				SWIFT_VERSION = 5.0;
				TARGETED_DEVICE_FAMILY = 1;
			};
			name = Debug;
		};
		916B49B02C2FFA68006E06B0 /* Release */ = {
			isa = XCBuildConfiguration;
			baseConfigurationReference = 916B49B72C2FFBB9006E06B0 /* ShareLife_Pro.xcconfig */;
			buildSettings = {
				ASSETCATALOG_COMPILER_APPICON_NAME = AppIcon;
				ASSETCATALOG_COMPILER_GLOBAL_ACCENT_COLOR_NAME = AccentColor;
				CODE_SIGN_STYLE = Automatic;
				CURRENT_PROJECT_VERSION = 1;
				DEVELOPMENT_ASSET_PATHS = "\"ShareLife/Preview Content\"";
				DEVELOPMENT_TEAM = 82A5792UM7;
				ENABLE_PREVIEWS = YES;
				GENERATE_INFOPLIST_FILE = YES;
				INFOPLIST_FILE = ShareLife/Info.plist;
				INFOPLIST_KEY_UIApplicationSceneManifest_Generation = YES;
				INFOPLIST_KEY_UIApplicationSupportsIndirectInputEvents = YES;
				INFOPLIST_KEY_UILaunchScreen_Generation = YES;
				INFOPLIST_KEY_UISupportedInterfaceOrientations_iPad = "UIInterfaceOrientationPortrait UIInterfaceOrientationPortraitUpsideDown UIInterfaceOrientationLandscapeLeft UIInterfaceOrientationLandscapeRight";
				INFOPLIST_KEY_UISupportedInterfaceOrientations_iPhone = "UIInterfaceOrientationPortrait UIInterfaceOrientationLandscapeLeft UIInterfaceOrientationLandscapeRight";
				LD_RUNPATH_SEARCH_PATHS = (
					"$(inherited)",
					"@executable_path/Frameworks",
				);
				MARKETING_VERSION = 1.0;
				PRODUCT_BUNDLE_IDENTIFIER = "$(CONFIG_APP_BUNDLE_IDENTIFIER)";
				PRODUCT_NAME = "$(TARGET_NAME)";
				SUPPORTED_PLATFORMS = "iphoneos iphonesimulator";
				SUPPORTS_MACCATALYST = NO;
				SUPPORTS_MAC_DESIGNED_FOR_IPHONE_IPAD = NO;
				SUPPORTS_XR_DESIGNED_FOR_IPHONE_IPAD = NO;
				SWIFT_EMIT_LOC_STRINGS = YES;
				SWIFT_VERSION = 5.0;
				TARGETED_DEVICE_FAMILY = 1;
			};
			name = Release;
		};
/* End XCBuildConfiguration section */

/* Begin XCConfigurationList section */
		916B499B2C2FFA67006E06B0 /* Build configuration list for PBXProject "ShareLife" */ = {
			isa = XCConfigurationList;
			buildConfigurations = (
				916B49AC2C2FFA68006E06B0 /* Debug */,
				916B49AD2C2FFA68006E06B0 /* Release */,
			);
			defaultConfigurationIsVisible = 0;
			defaultConfigurationName = Release;
		};
		916B49AE2C2FFA68006E06B0 /* Build configuration list for PBXNativeTarget "ShareLife" */ = {
			isa = XCConfigurationList;
			buildConfigurations = (
				916B49AF2C2FFA68006E06B0 /* Debug */,
				916B49B02C2FFA68006E06B0 /* Release */,
			);
			defaultConfigurationIsVisible = 0;
			defaultConfigurationName = Release;
		};
/* End XCConfigurationList section */

/* Begin XCRemoteSwiftPackageReference section */
		91EFF3A12C31A5C600D58AD6 /* XCRemoteSwiftPackageReference "realm-swift" */ = {
			isa = XCRemoteSwiftPackageReference;
			repositoryURL = "https://github.com/realm/realm-swift";
			requirement = {
				branch = master;
				kind = branch;
			};
		};
/* End XCRemoteSwiftPackageReference section */

/* Begin XCSwiftPackageProductDependency section */
		91EFF3A42C31A5C600D58AD6 /* RealmSwift */ = {
			isa = XCSwiftPackageProductDependency;
			package = 91EFF3A12C31A5C600D58AD6 /* XCRemoteSwiftPackageReference "realm-swift" */;
			productName = RealmSwift;
		};
/* End XCSwiftPackageProductDependency section */
	};
	rootObject = 916B49982C2FFA67006E06B0 /* Project object */;
}
